lockfileVersion: '9.0'

settings:
  autoInstallPeers: true
  excludeLinksFromLockfile: false

importers:

  .:
    devDependencies:
      '@types/react':
        specifier: 19.2.0
        version: 19.2.0
      '@types/react-dom':
        specifier: 19.2.0
        version: 19.2.0(@types/react@19.2.0)
      react:
        specifier: 19.2.8
        version: 19.2.8
      react-dom:
        specifier: 19.2.8
        version: 19.2.8(react@19.2.8)
      turbo:
        specifier: ^2.10.9
        version: 2.10.9
      typescript:
        specifier: ^5.7.3
        version: 5.9.3
      vitest:
        specifier: ^3.0.5
        version: 3.2.7
